#MicroXplorer Configuration settings - do not modify
ADC1.Channel-16\#ChannelInjectedConversion=ADC_CHANNEL_10
ADC1.Channel-17\#ChannelInjectedConversion=ADC_CHANNEL_11
ADC1.Channel-18\#ChannelRegularConversion=ADC_CHANNEL_11
ADC1.Channel-9\#ChannelRegularConversion=ADC_CHANNEL_10
ADC1.ContinuousConvMode=DISABLE
ADC1.DMAContinuousRequests=DISABLE
ADC1.DiscontinuousConvMode=DISABLE
ADC1.EOCSelection=ADC_EOC_SEQ_CONV
ADC1.ExternalTrigConv=ADC_SOFTWARE_START
ADC1.ExternalTrigInjecConv=ADC_EXTERNALTRIGINJECCONV_T1_CC4
ADC1.IPParameters=Rank-9\#ChannelRegularConversion,master,Channel-9\#ChannelRegularConversion,SamplingTime-9\#ChannelRegularConversion,NbrOfConversionFlag,NbrOfConversion,ExternalTrigConv,ContinuousConvMode,DMAContinuousRequests,EOCSelection,DiscontinuousConvMode,InjNumberOfConversion,ScanConvMode,InjectedRank-16\#ChannelInjectedConversion,Channel-16\#ChannelInjectedConversion,SamplingTime-16\#ChannelInjectedConversion,InjectedOffset-16\#ChannelInjectedConversion,InjectedRank-17\#ChannelInjectedConversion,Channel-17\#ChannelInjectedConversion,SamplingTime-17\#ChannelInjectedConversion,InjectedOffset-17\#ChannelInjectedConversion,ExternalTrigInjecConv,InjectedConvMode,Rank-18\#ChannelRegularConversion,Channel-18\#ChannelRegularConversion,SamplingTime-18\#ChannelRegularConversion
ADC1.InjNumberOfConversion=2
ADC1.InjectedConvMode=None
ADC1.InjectedOffset-16\#ChannelInjectedConversion=0
ADC1.InjectedOffset-17\#ChannelInjectedConversion=0
ADC1.InjectedRank-16\#ChannelInjectedConversion=1
ADC1.InjectedRank-17\#ChannelInjectedConversion=2
ADC1.NbrOfConversion=2
ADC1.NbrOfConversionFlag=1
ADC1.Rank-18\#ChannelRegularConversion=2
ADC1.Rank-9\#ChannelRegularConversion=1
ADC1.SamplingTime-16\#ChannelInjectedConversion=ADC_SAMPLETIME_15CYCLES
ADC1.SamplingTime-17\#ChannelInjectedConversion=ADC_SAMPLETIME_15CYCLES
ADC1.SamplingTime-18\#ChannelRegularConversion=ADC_SAMPLETIME_3CYCLES
ADC1.SamplingTime-9\#ChannelRegularConversion=ADC_SAMPLETIME_3CYCLES
ADC1.ScanConvMode=ENABLE
ADC1.master=1
ADC2.Channel-0\#ChannelRegularConversion=ADC_CHANNEL_6
ADC2.Channel-4\#ChannelRegularConversion=ADC_CHANNEL_4
ADC2.Channel-5\#ChannelRegularConversion=ADC_CHANNEL_15
ADC2.ContinuousConvMode=ENABLE
ADC2.DMAContinuousRequests=ENABLE
ADC2.EOCSelection=ADC_EOC_SEQ_CONV
ADC2.ExternalTrigConv=ADC_SOFTWARE_START
ADC2.IPParameters=NbrOfConversionFlag,Channel-0\#ChannelRegularConversion,ScanConvMode,EOCSelection,ContinuousConvMode,DMAContinuousRequests,Rank-4\#ChannelRegularConversion,Channel-4\#ChannelRegularConversion,SamplingTime-4\#ChannelRegularConversion,Rank-5\#ChannelRegularConversion,Channel-5\#ChannelRegularConversion,SamplingTime-5\#ChannelRegularConversion,NbrOfConversion,SamplingTime-0\#ChannelRegularConversion,ExternalTrigConv
ADC2.NbrOfConversion=3
ADC2.NbrOfConversionFlag=1
ADC2.Rank-4\#ChannelRegularConversion=2
ADC2.Rank-5\#ChannelRegularConversion=3
ADC2.SamplingTime-0\#ChannelRegularConversion=ADC_SAMPLETIME_480CYCLES
ADC2.SamplingTime-4\#ChannelRegularConversion=ADC_SAMPLETIME_480CYCLES
ADC2.SamplingTime-5\#ChannelRegularConversion=ADC_SAMPLETIME_480CYCLES
ADC2.ScanConvMode=ENABLE
ADC3.Channel-0\#ChannelRegularConversion=ADC_CHANNEL_12
ADC3.Channel-10\#ChannelRegularConversion=ADC_CHANNEL_13
ADC3.Channel-8\#ChannelInjectedConversion=ADC_CHANNEL_12
ADC3.Channel-9\#ChannelInjectedConversion=ADC_CHANNEL_13
ADC3.ContinuousConvMode=DISABLE
ADC3.DMAContinuousRequests=DISABLE
ADC3.EOCSelection=ADC_EOC_SEQ_CONV
ADC3.ExternalTrigConv=ADC_SOFTWARE_START
ADC3.ExternalTrigInjecConv=ADC_EXTERNALTRIGINJECCONV_T8_CC4
ADC3.IPParameters=Rank-0\#ChannelRegularConversion,Channel-0\#ChannelRegularConversion,SamplingTime-0\#ChannelRegularConversion,NbrOfConversionFlag,ScanConvMode,ContinuousConvMode,DMAContinuousRequests,EOCSelection,InjNumberOfConversion,ExternalTrigConv,NbrOfConversion,InjectedRank-8\#ChannelInjectedConversion,Channel-8\#ChannelInjectedConversion,SamplingTime-8\#ChannelInjectedConversion,InjectedOffset-8\#ChannelInjectedConversion,InjectedRank-9\#ChannelInjectedConversion,Channel-9\#ChannelInjectedConversion,SamplingTime-9\#ChannelInjectedConversion,InjectedOffset-9\#ChannelInjectedConversion,ExternalTrigInjecConv,Rank-10\#ChannelRegularConversion,Channel-10\#ChannelRegularConversion,SamplingTime-10\#ChannelRegularConversion
ADC3.InjNumberOfConversion=2
ADC3.InjectedOffset-8\#ChannelInjectedConversion=0
ADC3.InjectedOffset-9\#ChannelInjectedConversion=0
ADC3.InjectedRank-8\#ChannelInjectedConversion=1
ADC3.InjectedRank-9\#ChannelInjectedConversion=2
ADC3.NbrOfConversion=2
ADC3.NbrOfConversionFlag=1
ADC3.Rank-0\#ChannelRegularConversion=1
ADC3.Rank-10\#ChannelRegularConversion=2
ADC3.SamplingTime-0\#ChannelRegularConversion=ADC_SAMPLETIME_56CYCLES
ADC3.SamplingTime-10\#ChannelRegularConversion=ADC_SAMPLETIME_56CYCLES
ADC3.SamplingTime-8\#ChannelInjectedConversion=ADC_SAMPLETIME_15CYCLES
ADC3.SamplingTime-9\#ChannelInjectedConversion=ADC_SAMPLETIME_15CYCLES
ADC3.ScanConvMode=ENABLE
CAD.formats=[]
CAD.pinconfig=Project naming
CAD.provider=
CAN1.CalculateBaudRate=875000
CAN1.CalculateTimeBit=1142
CAN1.CalculateTimeQuantum=380.95238095238096
CAN1.IPParameters=CalculateTimeQuantum,CalculateTimeBit,CalculateBaudRate
Dma.ADC2.1.Direction=DMA_PERIPH_TO_MEMORY
Dma.ADC2.1.FIFOMode=DMA_FIFOMODE_DISABLE
Dma.ADC2.1.Instance=DMA2_Stream2
Dma.ADC2.1.MemDataAlignment=DMA_MDATAALIGN_HALFWORD
Dma.ADC2.1.MemInc=DMA_MINC_ENABLE
Dma.ADC2.1.Mode=DMA_CIRCULAR
Dma.ADC2.1.PeriphDataAlignment=DMA_PDATAALIGN_HALFWORD
Dma.ADC2.1.PeriphInc=DMA_PINC_DISABLE
Dma.ADC2.1.Priority=DMA_PRIORITY_LOW
Dma.ADC2.1.RequestParameters=Instance,Direction,PeriphInc,MemInc,PeriphDataAlignment,MemDataAlignment,Mode,Priority,FIFOMode
Dma.Request0=UART4_RX
Dma.Request1=ADC2
Dma.RequestsNb=2
Dma.UART4_RX.0.Direction=DMA_PERIPH_TO_MEMORY
Dma.UART4_RX.0.FIFOMode=DMA_FIFOMODE_DISABLE
Dma.UART4_RX.0.Instance=DMA1_Stream2
Dma.UART4_RX.0.MemDataAlignment=DMA_MDATAALIGN_BYTE
Dma.UART4_RX.0.MemInc=DMA_MINC_ENABLE
Dma.UART4_RX.0.Mode=DMA_NORMAL
Dma.UART4_RX.0.PeriphDataAlignment=DMA_PDATAALIGN_BYTE
Dma.UART4_RX.0.PeriphInc=DMA_PINC_DISABLE
Dma.UART4_RX.0.Priority=DMA_PRIORITY_LOW
Dma.UART4_RX.0.RequestParameters=Instance,Direction,PeriphInc,MemInc,PeriphDataAlignment,MemDataAlignment,Mode,Priority,FIFOMode
File.Version=6
GPIO.groupedBy=Group By Peripherals
KeepUserPlacement=false
Mcu.CPN=STM32F405RGT6
Mcu.Family=STM32F4
Mcu.IP0=ADC1
Mcu.IP1=ADC2
Mcu.IP10=TIM4
Mcu.IP11=TIM5
Mcu.IP12=TIM8
Mcu.IP13=UART4
Mcu.IP2=ADC3
Mcu.IP3=CAN1
Mcu.IP4=DMA
Mcu.IP5=NVIC
Mcu.IP6=RCC
Mcu.IP7=SYS
Mcu.IP8=TIM1
Mcu.IP9=TIM2
Mcu.IPNb=14
Mcu.Name=STM32F405RGTx
Mcu.Package=LQFP64
Mcu.Pin0=PC13-ANTI_TAMP
Mcu.Pin1=PC14-OSC32_IN
Mcu.Pin10=PA1
Mcu.Pin11=PA2
Mcu.Pin12=PA3
Mcu.Pin13=PA4
Mcu.Pin14=PA5
Mcu.Pin15=PA6
Mcu.Pin16=PA7
Mcu.Pin17=PC4
Mcu.Pin18=PC5
Mcu.Pin19=PB0
Mcu.Pin2=PC15-OSC32_OUT
Mcu.Pin20=PB1
Mcu.Pin21=PB2
Mcu.Pin22=PB10
Mcu.Pin23=PB11
Mcu.Pin24=PB12
Mcu.Pin25=PB13
Mcu.Pin26=PB14
Mcu.Pin27=PB15
Mcu.Pin28=PC6
Mcu.Pin29=PC7
Mcu.Pin3=PH0-OSC_IN
Mcu.Pin30=PC8
Mcu.Pin31=PC9
Mcu.Pin32=PA8
Mcu.Pin33=PA9
Mcu.Pin34=PA10
Mcu.Pin35=PA11
Mcu.Pin36=PA12
Mcu.Pin37=PA13
Mcu.Pin38=PA14
Mcu.Pin39=PA15
Mcu.Pin4=PH1-OSC_OUT
Mcu.Pin40=PC10
Mcu.Pin41=PC11
Mcu.Pin42=PC12
Mcu.Pin43=PD2
Mcu.Pin44=PB3
Mcu.Pin45=PB4
Mcu.Pin46=PB5
Mcu.Pin47=PB6
Mcu.Pin48=PB7
Mcu.Pin49=PB8
Mcu.Pin5=PC0
Mcu.Pin50=PB9
Mcu.Pin51=VP_SYS_VS_Systick
Mcu.Pin52=VP_TIM1_VS_ClockSourceINT
Mcu.Pin53=VP_TIM1_VS_no_output4
Mcu.Pin54=VP_TIM2_VS_ClockSourceINT
Mcu.Pin55=VP_TIM4_VS_ClockSourceINT
Mcu.Pin56=VP_TIM5_VS_ClockSourceINT
Mcu.Pin57=VP_TIM8_VS_ClockSourceINT
Mcu.Pin58=VP_TIM8_VS_no_output4
Mcu.Pin59=VP_STMicroelectronics.X-CUBE-ALGOBUILD_VS_DSPOoLibraryJjLibrary_1.3.0_1.3.0
Mcu.Pin6=PC1
Mcu.Pin7=PC2
Mcu.Pin8=PC3
Mcu.Pin9=PA0-WKUP
Mcu.PinsNb=60
Mcu.ThirdParty0=STMicroelectronics.X-CUBE-ALGOBUILD.1.3.0
Mcu.ThirdPartyNb=1
Mcu.UserConstants=
Mcu.UserName=STM32F405RGTx
MxCube.Version=6.9.1
MxDb.Version=DB.6.0.91
NVIC.ADC_IRQn=true\:0\:0\:true\:false\:true\:true\:true\:true
NVIC.BusFault_IRQn=true\:0\:0\:false\:false\:true\:false\:false\:false
NVIC.DMA1_Stream2_IRQn=true\:0\:0\:true\:false\:true\:false\:true\:true
NVIC.DMA2_Stream2_IRQn=true\:0\:0\:false\:false\:true\:false\:true\:true
NVIC.DebugMonitor_IRQn=true\:0\:0\:false\:false\:true\:false\:false\:false
NVIC.EXTI2_IRQn=true\:13\:0\:true\:false\:true\:true\:true\:true
NVIC.EXTI3_IRQn=true\:13\:0\:true\:false\:true\:true\:true\:true
NVIC.ForceEnableDMAVector=true
NVIC.HardFault_IRQn=true\:0\:0\:false\:false\:true\:false\:false\:false
NVIC.MemoryManagement_IRQn=true\:0\:0\:false\:false\:true\:false\:false\:false
NVIC.NonMaskableInt_IRQn=true\:0\:0\:false\:false\:true\:false\:false\:false
NVIC.PendSV_IRQn=true\:0\:0\:false\:false\:true\:false\:false\:false
NVIC.PriorityGroup=NVIC_PRIORITYGROUP_4
NVIC.SVCall_IRQn=true\:0\:0\:false\:false\:true\:false\:false\:false
NVIC.SysTick_IRQn=true\:15\:0\:true\:false\:true\:false\:true\:false
NVIC.TIM4_IRQn=true\:4\:0\:true\:false\:true\:true\:true\:true
NVIC.UART4_IRQn=true\:1\:0\:true\:false\:true\:true\:true\:true
NVIC.UsageFault_IRQn=true\:0\:0\:false\:false\:true\:false\:false\:false
PA0-WKUP.Mode=Asynchronous
PA0-WKUP.Signal=UART4_TX
PA1.Mode=Asynchronous
PA1.Signal=UART4_RX
PA10.Signal=S_TIM1_CH3
PA11.GPIOParameters=GPIO_Label
PA11.GPIO_Label=OLED_CS
PA11.Locked=true
PA11.Signal=GPIO_Output
PA12.GPIOParameters=GPIO_Label
PA12.GPIO_Label=OLED_RES
PA12.Locked=true
PA12.Signal=GPIO_Output
PA13.Mode=Serial_Wire
PA13.Signal=SYS_JTMS-SWDIO
PA14.Mode=Serial_Wire
PA14.Signal=SYS_JTCK-SWCLK
PA15.GPIOParameters=PinState,GPIO_Label
PA15.GPIO_Label=LED1
PA15.Locked=true
PA15.PinState=GPIO_PIN_SET
PA15.Signal=GPIO_Output
PA2.GPIOParameters=GPIO_Label
PA2.GPIO_Label=SERVO0
PA2.Locked=true
PA2.Signal=GPIO_Output
PA3.GPIOParameters=GPIO_Label
PA3.GPIO_Label=SERVO1
PA3.Locked=true
PA3.Signal=GPIO_Output
PA4.GPIOParameters=GPIO_PuPd,GPIO_Label,GPIO_Mode
PA4.GPIO_Label=TEMP1
PA4.GPIO_Mode=GPIO_MODE_ANALOG
PA4.GPIO_PuPd=GPIO_NOPULL
PA4.Locked=true
PA4.Signal=ADCx_IN4
PA5.GPIOParameters=GPIO_Label
PA5.GPIO_Label=SW2
PA5.Locked=true
PA5.Signal=GPIO_Input
PA6.GPIOParameters=GPIO_PuPd,GPIO_Label,GPIO_Mode
PA6.GPIO_Label=VBUS
PA6.GPIO_Mode=GPIO_MODE_ANALOG
PA6.GPIO_PuPd=GPIO_NOPULL
PA6.Locked=true
PA6.Signal=ADCx_IN6
PA7.Mode=PWM Generation1 CH1 CH1N
PA7.Signal=TIM8_CH1N
PA8.Signal=S_TIM1_CH1
PA9.Signal=S_TIM1_CH2
PB0.Mode=PWM Generation2 CH2 CH2N
PB0.Signal=TIM8_CH2N
PB1.Mode=PWM Generation3 CH3 CH3N
PB1.Signal=TIM8_CH3N
PB10.GPIOParameters=GPIO_Speed,GPIO_PuPd,GPIO_Label,GPIO_ModeDefaultOutputPP
PB10.GPIO_Label=OLED_SCL
PB10.GPIO_ModeDefaultOutputPP=GPIO_MODE_OUTPUT_PP
PB10.GPIO_PuPd=GPIO_PULLDOWN
PB10.GPIO_Speed=GPIO_SPEED_FREQ_LOW
PB10.Locked=true
PB10.Signal=GPIO_Output
PB11.GPIOParameters=GPIO_PuPd,GPIO_Label
PB11.GPIO_Label=OLED_SDA
PB11.GPIO_PuPd=GPIO_PULLDOWN
PB11.Locked=true
PB11.Signal=GPIO_Output
PB12.GPIOParameters=PinState,GPIO_PuPd,GPIO_Label
PB12.GPIO_Label=EN_GATE
PB12.GPIO_PuPd=GPIO_NOPULL
PB12.Locked=true
PB12.PinState=GPIO_PIN_RESET
PB12.Signal=GPIO_Output
PB13.Locked=true
PB13.Mode=PWM Generation1 CH1 CH1N
PB13.Signal=TIM1_CH1N
PB14.Mode=PWM Generation2 CH2 CH2N
PB14.Signal=TIM1_CH2N
PB15.Mode=PWM Generation3 CH3 CH3N
PB15.Signal=TIM1_CH3N
PB2.GPIOParameters=GPIO_Speed,PinState,GPIO_PuPd,GPIO_Label
PB2.GPIO_Label=OLED_DC
PB2.GPIO_PuPd=GPIO_PULLDOWN
PB2.GPIO_Speed=GPIO_SPEED_FREQ_LOW
PB2.Locked=true
PB2.PinState=GPIO_PIN_RESET
PB2.Signal=GPIO_Output
PB3.GPIOParameters=GPIO_PuPd,GPIO_Label,GPIO_ModeDefaultEXTI
PB3.GPIO_Label=NFAULT_2
PB3.GPIO_ModeDefaultEXTI=GPIO_MODE_IT_RISING_FALLING
PB3.GPIO_PuPd=GPIO_PULLUP
PB3.Locked=true
PB3.Signal=GPXTI3
PB4.GPIOParameters=GPIO_Label
PB4.GPIO_Label=CS_ENC_A_1
PB4.Locked=true
PB4.Signal=GPIO_Output
PB5.GPIOParameters=GPIO_Speed,GPIO_Label
PB5.GPIO_Label=SCK_ENC_B_1
PB5.GPIO_Speed=GPIO_SPEED_FREQ_LOW
PB5.Locked=true
PB5.Signal=GPIO_Output
PB6.GPIOParameters=GPIO_Label
PB6.GPIO_Label=CS_ENC_A_2
PB6.Locked=true
PB6.Signal=GPIO_Output
PB7.GPIOParameters=GPIO_Speed,GPIO_Label
PB7.GPIO_Label=SCK_ENC_B_2
PB7.GPIO_Speed=GPIO_SPEED_FREQ_LOW
PB7.Locked=true
PB7.Signal=GPIO_Output
PB8.Locked=true
PB8.Mode=CAN_Activate
PB8.Signal=CAN1_RX
PB9.Mode=CAN_Activate
PB9.Signal=CAN1_TX
PC0.GPIOParameters=GPIO_Label
PC0.GPIO_Label=I_A_1
PC0.Locked=true
PC0.Signal=ADCx_IN10
PC1.GPIOParameters=GPIO_Label
PC1.GPIO_Label=I_B_1
PC1.Locked=true
PC1.Signal=ADCx_IN11
PC10.GPIOParameters=GPIO_Label
PC10.GPIO_Label=SPI_SCK
PC10.Locked=true
PC10.Signal=GPIO_Output
PC11.GPIOParameters=GPIO_Label
PC11.GPIO_Label=SPI_MISO
PC11.Locked=true
PC11.Signal=GPIO_Input
PC12.GPIOParameters=GPIO_Label
PC12.GPIO_Label=SPI_MOSI
PC12.Locked=true
PC12.Signal=GPIO_Output
PC13-ANTI_TAMP.GPIOParameters=PinState,GPIO_PuPd,GPIO_Label
PC13-ANTI_TAMP.GPIO_Label=NSCS_1
PC13-ANTI_TAMP.GPIO_PuPd=GPIO_NOPULL
PC13-ANTI_TAMP.Locked=true
PC13-ANTI_TAMP.PinState=GPIO_PIN_SET
PC13-ANTI_TAMP.Signal=GPIO_Output
PC14-OSC32_IN.GPIOParameters=PinState,GPIO_PuPd,GPIO_Label
PC14-OSC32_IN.GPIO_Label=NSCS_2
PC14-OSC32_IN.GPIO_PuPd=GPIO_NOPULL
PC14-OSC32_IN.Locked=true
PC14-OSC32_IN.PinState=GPIO_PIN_SET
PC14-OSC32_IN.Signal=GPIO_Output
PC15-OSC32_OUT.GPIOParameters=GPIO_Label
PC15-OSC32_OUT.GPIO_Label=MOSI_ENC_Z_2
PC15-OSC32_OUT.Locked=true
PC15-OSC32_OUT.Signal=GPIO_Input
PC2.GPIOParameters=GPIO_Label
PC2.GPIO_Label=I_A_2
PC2.Locked=true
PC2.Signal=ADCx_IN12
PC3.GPIOParameters=GPIO_Label
PC3.GPIO_Label=I_B_2
PC3.Locked=true
PC3.Signal=ADCx_IN13
PC4.GPIOParameters=GPIO_Label
PC4.GPIO_Label=SW1
PC4.Locked=true
PC4.Signal=GPIO_Input
PC5.GPIOParameters=GPIO_PuPd,GPIO_Label,GPIO_Mode
PC5.GPIO_Label=TEMP2
PC5.GPIO_Mode=GPIO_MODE_ANALOG
PC5.GPIO_PuPd=GPIO_NOPULL
PC5.Locked=true
PC5.Signal=ADCx_IN15
PC6.Signal=S_TIM8_CH1
PC7.Signal=S_TIM8_CH2
PC8.Locked=true
PC8.Signal=S_TIM8_CH3
PC9.GPIOParameters=GPIO_Label
PC9.GPIO_Label=MOSI_ENC_Z_1
PC9.Locked=true
PC9.Signal=GPIO_Input
PD2.GPIOParameters=GPIO_PuPd,GPIO_Label,GPIO_ModeDefaultEXTI
PD2.GPIO_Label=NFAULT_1
PD2.GPIO_ModeDefaultEXTI=GPIO_MODE_IT_RISING_FALLING
PD2.GPIO_PuPd=GPIO_PULLUP
PD2.Locked=true
PD2.Signal=GPXTI2
PH0-OSC_IN.Mode=HSE-External-Oscillator
PH0-OSC_IN.Signal=RCC_OSC_IN
PH1-OSC_OUT.Mode=HSE-External-Oscillator
PH1-OSC_OUT.Signal=RCC_OSC_OUT
PinOutPanel.RotationAngle=0
ProjectManager.AskForMigrate=true
ProjectManager.BackupPrevious=false
ProjectManager.CompilerOptimize=6
ProjectManager.ComputerToolchain=false
ProjectManager.CoupleFile=true
ProjectManager.CustomerFirmwarePackage=
ProjectManager.DefaultFWLocation=true
ProjectManager.DeletePrevious=true
ProjectManager.DeviceId=STM32F405RGTx
ProjectManager.FirmwarePackage=STM32Cube FW_F4 V1.27.1
ProjectManager.FreePins=false
ProjectManager.HalAssertFull=false
ProjectManager.HeapSize=0x200
ProjectManager.KeepUserCode=true
ProjectManager.LastFirmware=true
ProjectManager.LibraryCopy=1
ProjectManager.MainLocation=Core/Src
ProjectManager.NoMain=false
ProjectManager.PreviousToolchain=
ProjectManager.ProjectBuild=false
ProjectManager.ProjectFileName=Starcat_FOC.ioc
ProjectManager.ProjectName=Starcat_FOC
ProjectManager.ProjectStructure=
ProjectManager.RegisterCallBack=
ProjectManager.StackSize=0x400
ProjectManager.TargetToolchain=STM32CubeIDE
ProjectManager.ToolChainLocation=
ProjectManager.UAScriptAfterPath=
ProjectManager.UAScriptBeforePath=
ProjectManager.UnderRoot=true
ProjectManager.functionlistsort=1-SystemClock_Config-RCC-false-HAL-false,2-MX_GPIO_Init-GPIO-false-HAL-true,3-MX_DMA_Init-DMA-false-HAL-true,4-MX_UART4_Init-UART4-false-HAL-true,5-MX_ADC1_Init-ADC1-false-HAL-true,6-MX_TIM8_Init-TIM8-false-HAL-true,7-MX_TIM1_Init-TIM1-false-HAL-true,8-MX_ADC2_Init-ADC2-false-HAL-true,9-MX_ADC3_Init-ADC3-false-HAL-true,10-MX_TIM2_Init-TIM2-false-HAL-true,11-MX_CAN1_Init-CAN1-false-HAL-true,12-MX_TIM5_Init-TIM5-false-HAL-true
RCC.48MHZClocksFreq_Value=84000000
RCC.AHBFreq_Value=168000000
RCC.APB1CLKDivider=RCC_HCLK_DIV4
RCC.APB1Freq_Value=42000000
RCC.APB1TimFreq_Value=84000000
RCC.APB2CLKDivider=RCC_HCLK_DIV2
RCC.APB2Freq_Value=84000000
RCC.APB2TimFreq_Value=168000000
RCC.CortexFreq_Value=168000000
RCC.EthernetFreq_Value=168000000
RCC.FCLKCortexFreq_Value=168000000
RCC.FamilyName=M
RCC.HCLKFreq_Value=168000000
RCC.HSE_VALUE=8000000
RCC.HSI_VALUE=16000000
RCC.I2SClocksFreq_Value=192000000
RCC.IPParameters=48MHZClocksFreq_Value,AHBFreq_Value,APB1CLKDivider,APB1Freq_Value,APB1TimFreq_Value,APB2CLKDivider,APB2Freq_Value,APB2TimFreq_Value,CortexFreq_Value,EthernetFreq_Value,FCLKCortexFreq_Value,FamilyName,HCLKFreq_Value,HSE_VALUE,HSI_VALUE,I2SClocksFreq_Value,LSE_VALUE,LSI_VALUE,MCO2PinFreq_Value,PLLCLKFreq_Value,PLLM,PLLN,PLLQCLKFreq_Value,PLLSourceVirtual,RTCFreq_Value,RTCHSEDivFreq_Value,SYSCLKFreq_VALUE,SYSCLKSource,VCOI2SOutputFreq_Value,VCOInputFreq_Value,VCOOutputFreq_Value,VcooutputI2S
RCC.LSE_VALUE=32768
RCC.LSI_VALUE=32000
RCC.MCO2PinFreq_Value=168000000
RCC.PLLCLKFreq_Value=168000000
RCC.PLLM=4
RCC.PLLN=168
RCC.PLLQCLKFreq_Value=84000000
RCC.PLLSourceVirtual=RCC_PLLSOURCE_HSE
RCC.RTCFreq_Value=32000
RCC.RTCHSEDivFreq_Value=4000000
RCC.SYSCLKFreq_VALUE=168000000
RCC.SYSCLKSource=RCC_SYSCLKSOURCE_PLLCLK
RCC.VCOI2SOutputFreq_Value=384000000
RCC.VCOInputFreq_Value=2000000
RCC.VCOOutputFreq_Value=336000000
RCC.VcooutputI2S=192000000
SH.ADCx_IN10.0=ADC1_IN10,IN10
SH.ADCx_IN10.ConfNb=1
SH.ADCx_IN11.0=ADC1_IN11,IN11
SH.ADCx_IN11.ConfNb=1
SH.ADCx_IN12.0=ADC3_IN12,IN12
SH.ADCx_IN12.ConfNb=1
SH.ADCx_IN13.0=ADC3_IN13,IN13
SH.ADCx_IN13.ConfNb=1
SH.ADCx_IN15.0=ADC2_IN15,IN15
SH.ADCx_IN15.ConfNb=1
SH.ADCx_IN4.0=ADC2_IN4,IN4
SH.ADCx_IN4.ConfNb=1
SH.ADCx_IN6.0=ADC2_IN6,IN6
SH.ADCx_IN6.ConfNb=1
SH.GPXTI2.0=GPIO_EXTI2
SH.GPXTI2.ConfNb=1
SH.GPXTI3.0=GPIO_EXTI3
SH.GPXTI3.ConfNb=1
SH.S_TIM1_CH1.0=TIM1_CH1,PWM Generation1 CH1 CH1N
SH.S_TIM1_CH1.ConfNb=1
SH.S_TIM1_CH2.0=TIM1_CH2,PWM Generation2 CH2 CH2N
SH.S_TIM1_CH2.ConfNb=1
SH.S_TIM1_CH3.0=TIM1_CH3,PWM Generation3 CH3 CH3N
SH.S_TIM1_CH3.ConfNb=1
SH.S_TIM8_CH1.0=TIM8_CH1,PWM Generation1 CH1 CH1N
SH.S_TIM8_CH1.ConfNb=1
SH.S_TIM8_CH2.0=TIM8_CH2,PWM Generation2 CH2 CH2N
SH.S_TIM8_CH2.ConfNb=1
SH.S_TIM8_CH3.0=TIM8_CH3,PWM Generation3 CH3 CH3N
SH.S_TIM8_CH3.ConfNb=1
STMicroelectronics.X-CUBE-ALGOBUILD.1.3.0.DSPOoLibraryJjLibrary_Checked=true
STMicroelectronics.X-CUBE-ALGOBUILD.1.3.0.IPParameters=LibraryCcDSPOoLibraryJjDSPOoLibrary
STMicroelectronics.X-CUBE-ALGOBUILD.1.3.0.LibraryCcDSPOoLibraryJjDSPOoLibrary=true
STMicroelectronics.X-CUBE-ALGOBUILD.1.3.0_SwParameter=LibraryCcDSPOoLibraryJjDSPOoLibrary\:true;
TIM1.AutoReloadPreload=TIM_AUTORELOAD_PRELOAD_ENABLE
TIM1.BreakPolarity=TIM_BREAKPOLARITY_HIGH
TIM1.BreakState=TIM_BREAK_DISABLE
TIM1.Channel-PWM\ Generation1\ CH1\ CH1N=TIM_CHANNEL_1
TIM1.Channel-PWM\ Generation2\ CH2\ CH2N=TIM_CHANNEL_2
TIM1.Channel-PWM\ Generation3\ CH3\ CH3N=TIM_CHANNEL_3
TIM1.Channel-PWM\ Generation4\ No\ Output=TIM_CHANNEL_4
TIM1.ClockDivision=TIM_CLOCKDIVISION_DIV1
TIM1.CounterMode=TIM_COUNTERMODE_CENTERALIGNED2
TIM1.DeadTime=10-1
TIM1.IPParameters=Channel-PWM Generation1 CH1 CH1N,Channel-PWM Generation2 CH2 CH2N,Channel-PWM Generation3 CH3 CH3N,Prescaler,CounterMode,Period,AutoReloadPreload,TIM_MasterOutputTrigger,OCMode_PWM-PWM Generation1 CH1 CH1N,DeadTime,OCMode_PWM-PWM Generation2 CH2 CH2N,OCMode_PWM-PWM Generation3 CH3 CH3N,RepetitionCounter,BreakState,LockLevel,BreakPolarity,ClockDivision,Channel-PWM Generation4 No Output,Pulse-PWM Generation4 No Output,OCMode_PWM-PWM Generation4 No Output
TIM1.LockLevel=TIM_LOCKLEVEL_OFF
TIM1.OCMode_PWM-PWM\ Generation1\ CH1\ CH1N=TIM_OCMODE_PWM1
TIM1.OCMode_PWM-PWM\ Generation2\ CH2\ CH2N=TIM_OCMODE_PWM1
TIM1.OCMode_PWM-PWM\ Generation3\ CH3\ CH3N=TIM_OCMODE_PWM1
TIM1.OCMode_PWM-PWM\ Generation4\ No\ Output=TIM_OCMODE_PWM2
TIM1.Period=4200-1
TIM1.Prescaler=1-1
TIM1.Pulse-PWM\ Generation4\ No\ Output=0
TIM1.RepetitionCounter=0
TIM1.TIM_MasterOutputTrigger=TIM_TRGO_OC4REF
TIM2.AutoReloadPreload=TIM_AUTORELOAD_PRELOAD_ENABLE
TIM2.IPParameters=Prescaler,Period,AutoReloadPreload,TIM_MasterOutputTrigger
TIM2.Period=10000-1
TIM2.Prescaler=84-1
TIM2.TIM_MasterOutputTrigger=TIM_TRGO_UPDATE
TIM4.AutoReloadPreload=TIM_AUTORELOAD_PRELOAD_ENABLE
TIM4.IPParameters=Prescaler,Period,AutoReloadPreload
TIM4.Period=1000-1
TIM4.Prescaler=42-1
TIM5.AutoReloadPreload=TIM_AUTORELOAD_PRELOAD_ENABLE
TIM5.IPParameters=Prescaler,AutoReloadPreload
TIM5.Prescaler=1-1
TIM8.AutoReloadPreload=TIM_AUTORELOAD_PRELOAD_ENABLE
TIM8.Channel-PWM\ Generation1\ CH1\ CH1N=TIM_CHANNEL_1
TIM8.Channel-PWM\ Generation2\ CH2\ CH2N=TIM_CHANNEL_2
TIM8.Channel-PWM\ Generation3\ CH3\ CH3N=TIM_CHANNEL_3
TIM8.Channel-PWM\ Generation4\ No\ Output=TIM_CHANNEL_4
TIM8.CounterMode=TIM_COUNTERMODE_CENTERALIGNED2
TIM8.DeadTime=10-1
TIM8.IPParameters=Channel-PWM Generation1 CH1 CH1N,Channel-PWM Generation2 CH2 CH2N,Channel-PWM Generation3 CH3 CH3N,Prescaler,Period,AutoReloadPreload,CounterMode,OCMode_PWM-PWM Generation1 CH1 CH1N,DeadTime,OCMode_PWM-PWM Generation2 CH2 CH2N,OCMode_PWM-PWM Generation3 CH3 CH3N,Channel-PWM Generation4 No Output,OCMode_PWM-PWM Generation4 No Output,TIM_MasterOutputTrigger,Pulse-PWM Generation4 No Output,Pulse-PWM Generation1 CH1 CH1N
TIM8.OCMode_PWM-PWM\ Generation1\ CH1\ CH1N=TIM_OCMODE_PWM1
TIM8.OCMode_PWM-PWM\ Generation2\ CH2\ CH2N=TIM_OCMODE_PWM1
TIM8.OCMode_PWM-PWM\ Generation3\ CH3\ CH3N=TIM_OCMODE_PWM1
TIM8.OCMode_PWM-PWM\ Generation4\ No\ Output=TIM_OCMODE_PWM2
TIM8.Period=4200-1
TIM8.Prescaler=1-1
TIM8.Pulse-PWM\ Generation1\ CH1\ CH1N=0
TIM8.Pulse-PWM\ Generation4\ No\ Output=0
TIM8.TIM_MasterOutputTrigger=TIM_TRGO_OC4REF
UART4.BaudRate=2000000
UART4.IPParameters=VirtualMode,BaudRate
UART4.VirtualMode=Asynchronous
VP_STMicroelectronics.X-CUBE-ALGOBUILD_VS_DSPOoLibraryJjLibrary_1.3.0_1.3.0.Mode=DSPOoLibraryJjLibrary
VP_STMicroelectronics.X-CUBE-ALGOBUILD_VS_DSPOoLibraryJjLibrary_1.3.0_1.3.0.Signal=STMicroelectronics.X-CUBE-ALGOBUILD_VS_DSPOoLibraryJjLibrary_1.3.0_1.3.0
VP_SYS_VS_Systick.Mode=SysTick
VP_SYS_VS_Systick.Signal=SYS_VS_Systick
VP_TIM1_VS_ClockSourceINT.Mode=Internal
VP_TIM1_VS_ClockSourceINT.Signal=TIM1_VS_ClockSourceINT
VP_TIM1_VS_no_output4.Mode=PWM Generation4 No Output
VP_TIM1_VS_no_output4.Signal=TIM1_VS_no_output4
VP_TIM2_VS_ClockSourceINT.Mode=Internal
VP_TIM2_VS_ClockSourceINT.Signal=TIM2_VS_ClockSourceINT
VP_TIM4_VS_ClockSourceINT.Mode=Internal
VP_TIM4_VS_ClockSourceINT.Signal=TIM4_VS_ClockSourceINT
VP_TIM5_VS_ClockSourceINT.Mode=Internal
VP_TIM5_VS_ClockSourceINT.Signal=TIM5_VS_ClockSourceINT
VP_TIM8_VS_ClockSourceINT.Mode=Internal
VP_TIM8_VS_ClockSourceINT.Signal=TIM8_VS_ClockSourceINT
VP_TIM8_VS_no_output4.Mode=PWM Generation4 No Output
VP_TIM8_VS_no_output4.Signal=TIM8_VS_no_output4
board=custom
isbadioc=false
